
Microsoft Visual Studio Solution File, Format Version 12.00
# Visual Studio 2012
Project("{FAE04EC0-301F-11D3-BF4B-00C04F79EFBC}") = "KinectMiniGames", "KinectMiniGames\KinectMiniGames.csproj", "{5587CB0F-49EA-40E9-A567-1C4738554519}"
EndProject
Project("{FAE04EC0-301F-11D3-BF4B-00C04F79EFBC}") = "ApplesGame", "ApplesGame\ApplesGame.csproj", "{AA1F470E-60F4-4DAF-89E9-DCB1794D26BC}"
EndProject
Project("{FAE04EC0-301F-11D3-BF4B-00C04F79EFBC}") = "BubblesGame2", "BubblesGame\BubblesGame2.csproj", "{E3C86C95-0154-40B5-B5D5-5BBE46344B4E}"
EndProject
Project("{FAE04EC0-301F-11D3-BF4B-00C04F79EFBC}") = "Microsoft.Kinect.Toolkit", "Microsoft.Kinect.Toolkit\Microsoft.Kinect.Toolkit.csproj", "{C6F9C31B-6130-4443-A5CC-EF0664552ECD}"
EndProject
Project("{FAE04EC0-301F-11D3-BF4B-00C04F79EFBC}") = "Microsoft.Kinect.Toolkit.Controls", "Microsoft.Kinect.Toolkit.Controls\Microsoft.Kinect.Toolkit.Controls.csproj", "{4508C4D1-85BB-4F3F-9E3B-CC93D231C65D}"
EndProject
Project("{FAE04EC0-301F-11D3-BF4B-00C04F79EFBC}") = "BubblesGame", "ShapeGame\BubblesGame.csproj", "{E61846BF-FE80-4B50-A7FF-CFCD9E4A4815}"
EndProject
Project("{FAE04EC0-301F-11D3-BF4B-00C04F79EFBC}") = "Microsoft.Samples.Kinect.WpfViewers", "KinectWpfViewers\Microsoft.Samples.Kinect.WpfViewers.csproj", "{4DE23893-27E7-423F-9BB6-BA21DAC2C45E}"
EndProject
Global
	GlobalSection(SolutionConfigurationPlatforms) = preSolution
		Debug|Any CPU = Debug|Any CPU
		Debug|Mixed Platforms = Debug|Mixed Platforms
		Debug|x86 = Debug|x86
		Release|Any CPU = Release|Any CPU
		Release|Mixed Platforms = Release|Mixed Platforms
		Release|x86 = Release|x86
	EndGlobalSection
	GlobalSection(ProjectConfigurationPlatforms) = postSolution
		{5587CB0F-49EA-40E9-A567-1C4738554519}.Debug|Any CPU.ActiveCfg = Debug|Any CPU
		{5587CB0F-49EA-40E9-A567-1C4738554519}.Debug|Any CPU.Build.0 = Debug|Any CPU
		{5587CB0F-49EA-40E9-A567-1C4738554519}.Debug|Mixed Platforms.ActiveCfg = Debug|Any CPU
		{5587CB0F-49EA-40E9-A567-1C4738554519}.Debug|Mixed Platforms.Build.0 = Debug|Any CPU
		{5587CB0F-49EA-40E9-A567-1C4738554519}.Debug|x86.ActiveCfg = Debug|Any CPU
		{5587CB0F-49EA-40E9-A567-1C4738554519}.Release|Any CPU.ActiveCfg = Release|Any CPU
		{5587CB0F-49EA-40E9-A567-1C4738554519}.Release|Any CPU.Build.0 = Release|Any CPU
		{5587CB0F-49EA-40E9-A567-1C4738554519}.Release|Mixed Platforms.ActiveCfg = Release|Any CPU
		{5587CB0F-49EA-40E9-A567-1C4738554519}.Release|Mixed Platforms.Build.0 = Release|Any CPU
		{5587CB0F-49EA-40E9-A567-1C4738554519}.Release|x86.ActiveCfg = Release|Any CPU
		{AA1F470E-60F4-4DAF-89E9-DCB1794D26BC}.Debug|Any CPU.ActiveCfg = Debug|Any CPU
		{AA1F470E-60F4-4DAF-89E9-DCB1794D26BC}.Debug|Any CPU.Build.0 = Debug|Any CPU
		{AA1F470E-60F4-4DAF-89E9-DCB1794D26BC}.Debug|Mixed Platforms.ActiveCfg = Debug|Any CPU
		{AA1F470E-60F4-4DAF-89E9-DCB1794D26BC}.Debug|Mixed Platforms.Build.0 = Debug|Any CPU
		{AA1F470E-60F4-4DAF-89E9-DCB1794D26BC}.Debug|x86.ActiveCfg = Debug|Any CPU
		{AA1F470E-60F4-4DAF-89E9-DCB1794D26BC}.Release|Any CPU.ActiveCfg = Release|Any CPU
		{AA1F470E-60F4-4DAF-89E9-DCB1794D26BC}.Release|Any CPU.Build.0 = Release|Any CPU
		{AA1F470E-60F4-4DAF-89E9-DCB1794D26BC}.Release|Mixed Platforms.ActiveCfg = Release|Any CPU
		{AA1F470E-60F4-4DAF-89E9-DCB1794D26BC}.Release|Mixed Platforms.Build.0 = Release|Any CPU
		{AA1F470E-60F4-4DAF-89E9-DCB1794D26BC}.Release|x86.ActiveCfg = Release|Any CPU
		{E3C86C95-0154-40B5-B5D5-5BBE46344B4E}.Debug|Any CPU.ActiveCfg = Debug|Any CPU
		{E3C86C95-0154-40B5-B5D5-5BBE46344B4E}.Debug|Any CPU.Build.0 = Debug|Any CPU
		{E3C86C95-0154-40B5-B5D5-5BBE46344B4E}.Debug|Mixed Platforms.ActiveCfg = Debug|Any CPU
		{E3C86C95-0154-40B5-B5D5-5BBE46344B4E}.Debug|Mixed Platforms.Build.0 = Debug|Any CPU
		{E3C86C95-0154-40B5-B5D5-5BBE46344B4E}.Debug|x86.ActiveCfg = Debug|Any CPU
		{E3C86C95-0154-40B5-B5D5-5BBE46344B4E}.Release|Any CPU.ActiveCfg = Release|Any CPU
		{E3C86C95-0154-40B5-B5D5-5BBE46344B4E}.Release|Any CPU.Build.0 = Release|Any CPU
		{E3C86C95-0154-40B5-B5D5-5BBE46344B4E}.Release|Mixed Platforms.ActiveCfg = Release|Any CPU
		{E3C86C95-0154-40B5-B5D5-5BBE46344B4E}.Release|Mixed Platforms.Build.0 = Release|Any CPU
		{E3C86C95-0154-40B5-B5D5-5BBE46344B4E}.Release|x86.ActiveCfg = Release|Any CPU
		{C6F9C31B-6130-4443-A5CC-EF0664552ECD}.Debug|Any CPU.ActiveCfg = Debug|Any CPU
		{C6F9C31B-6130-4443-A5CC-EF0664552ECD}.Debug|Any CPU.Build.0 = Debug|Any CPU
		{C6F9C31B-6130-4443-A5CC-EF0664552ECD}.Debug|Mixed Platforms.ActiveCfg = Debug|Any CPU
		{C6F9C31B-6130-4443-A5CC-EF0664552ECD}.Debug|Mixed Platforms.Build.0 = Debug|Any CPU
		{C6F9C31B-6130-4443-A5CC-EF0664552ECD}.Debug|x86.ActiveCfg = Debug|Any CPU
		{C6F9C31B-6130-4443-A5CC-EF0664552ECD}.Release|Any CPU.ActiveCfg = Release|Any CPU
		{C6F9C31B-6130-4443-A5CC-EF0664552ECD}.Release|Any CPU.Build.0 = Release|Any CPU
		{C6F9C31B-6130-4443-A5CC-EF0664552ECD}.Release|Mixed Platforms.ActiveCfg = Release|Any CPU
		{C6F9C31B-6130-4443-A5CC-EF0664552ECD}.Release|Mixed Platforms.Build.0 = Release|Any CPU
		{C6F9C31B-6130-4443-A5CC-EF0664552ECD}.Release|x86.ActiveCfg = Release|Any CPU
		{4508C4D1-85BB-4F3F-9E3B-CC93D231C65D}.Debug|Any CPU.ActiveCfg = Debug|Any CPU
		{4508C4D1-85BB-4F3F-9E3B-CC93D231C65D}.Debug|Any CPU.Build.0 = Debug|Any CPU
		{4508C4D1-85BB-4F3F-9E3B-CC93D231C65D}.Debug|Mixed Platforms.ActiveCfg = Debug|Any CPU
		{4508C4D1-85BB-4F3F-9E3B-CC93D231C65D}.Debug|Mixed Platforms.Build.0 = Debug|Any CPU
		{4508C4D1-85BB-4F3F-9E3B-CC93D231C65D}.Debug|x86.ActiveCfg = Debug|Any CPU
		{4508C4D1-85BB-4F3F-9E3B-CC93D231C65D}.Release|Any CPU.ActiveCfg = Release|Any CPU
		{4508C4D1-85BB-4F3F-9E3B-CC93D231C65D}.Release|Any CPU.Build.0 = Release|Any CPU
		{4508C4D1-85BB-4F3F-9E3B-CC93D231C65D}.Release|Mixed Platforms.ActiveCfg = Release|Any CPU
		{4508C4D1-85BB-4F3F-9E3B-CC93D231C65D}.Release|Mixed Platforms.Build.0 = Release|Any CPU
		{4508C4D1-85BB-4F3F-9E3B-CC93D231C65D}.Release|x86.ActiveCfg = Release|Any CPU
		{E61846BF-FE80-4B50-A7FF-CFCD9E4A4815}.Debug|Any CPU.ActiveCfg = Debug|Any CPU
		{E61846BF-FE80-4B50-A7FF-CFCD9E4A4815}.Debug|Any CPU.Build.0 = Debug|Any CPU
		{E61846BF-FE80-4B50-A7FF-CFCD9E4A4815}.Debug|Mixed Platforms.ActiveCfg = Debug|Any CPU
		{E61846BF-FE80-4B50-A7FF-CFCD9E4A4815}.Debug|Mixed Platforms.Build.0 = Debug|Any CPU
		{E61846BF-FE80-4B50-A7FF-CFCD9E4A4815}.Debug|x86.ActiveCfg = Debug|Any CPU
		{E61846BF-FE80-4B50-A7FF-CFCD9E4A4815}.Release|Any CPU.ActiveCfg = Release|Any CPU
		{E61846BF-FE80-4B50-A7FF-CFCD9E4A4815}.Release|Any CPU.Build.0 = Release|Any CPU
		{E61846BF-FE80-4B50-A7FF-CFCD9E4A4815}.Release|Mixed Platforms.ActiveCfg = Release|Any CPU
		{E61846BF-FE80-4B50-A7FF-CFCD9E4A4815}.Release|Mixed Platforms.Build.0 = Release|Any CPU
		{E61846BF-FE80-4B50-A7FF-CFCD9E4A4815}.Release|x86.ActiveCfg = Release|Any CPU
		{4DE23893-27E7-423F-9BB6-BA21DAC2C45E}.Debug|Any CPU.ActiveCfg = Debug|Any CPU
		{4DE23893-27E7-423F-9BB6-BA21DAC2C45E}.Debug|Any CPU.Build.0 = Debug|Any CPU
		{4DE23893-27E7-423F-9BB6-BA21DAC2C45E}.Debug|Mixed Platforms.ActiveCfg = Debug|Any CPU
		{4DE23893-27E7-423F-9BB6-BA21DAC2C45E}.Debug|Mixed Platforms.Build.0 = Debug|Any CPU
		{4DE23893-27E7-423F-9BB6-BA21DAC2C45E}.Debug|x86.ActiveCfg = Debug|Any CPU
		{4DE23893-27E7-423F-9BB6-BA21DAC2C45E}.Release|Any CPU.ActiveCfg = Release|Any CPU
		{4DE23893-27E7-423F-9BB6-BA21DAC2C45E}.Release|Any CPU.Build.0 = Release|Any CPU
		{4DE23893-27E7-423F-9BB6-BA21DAC2C45E}.Release|Mixed Platforms.ActiveCfg = Release|Any CPU
		{4DE23893-27E7-423F-9BB6-BA21DAC2C45E}.Release|Mixed Platforms.Build.0 = Release|Any CPU
		{4DE23893-27E7-423F-9BB6-BA21DAC2C45E}.Release|x86.ActiveCfg = Release|Any CPU
	EndGlobalSection
	GlobalSection(SolutionProperties) = preSolution
		HideSolutionNode = FALSE
	EndGlobalSection
EndGlobal
