
Microsoft Visual Studio Solution File, Format Version 12.00
# Visual Studio 2012
Project("{FAE04EC0-301F-11D3-BF4B-00C04F79EFBC}") = "KinectMiniGames", "KinectMiniGames\KinectMiniGames.csproj", "{5587CB0F-49EA-40E9-A567-1C4738554519}"
	ProjectSection(ProjectDependencies) = postProject
		{4DE23893-27E7-423F-9BB6-BA21DAC2C45E} = {4DE23893-27E7-423F-9BB6-BA21DAC2C45E}
		{E61846BF-FE80-4B50-A7FF-CFCD9E4A4815} = {E61846BF-FE80-4B50-A7FF-CFCD9E4A4815}
	EndProjectSection
EndProject
Project("{FAE04EC0-301F-11D3-BF4B-00C04F79EFBC}") = "ApplesGame", "ApplesGame\ApplesGame.csproj", "{AA1F470E-60F4-4DAF-89E9-DCB1794D26BC}"
	ProjectSection(ProjectDependencies) = postProject
		{C6F9C31B-6130-4443-A5CC-EF0664552ECD} = {C6F9C31B-6130-4443-A5CC-EF0664552ECD}
		{4508C4D1-85BB-4F3F-9E3B-CC93D231C65D} = {4508C4D1-85BB-4F3F-9E3B-CC93D231C65D}
	EndProjectSection
EndProject
Project("{FAE04EC0-301F-11D3-BF4B-00C04F79EFBC}") = "Microsoft.Kinect.Toolkit", "Microsoft.Kinect.Toolkit\Microsoft.Kinect.Toolkit.csproj", "{C6F9C31B-6130-4443-A5CC-EF0664552ECD}"
EndProject
Project("{FAE04EC0-301F-11D3-BF4B-00C04F79EFBC}") = "Microsoft.Kinect.Toolkit.Controls", "Microsoft.Kinect.Toolkit.Controls\Microsoft.Kinect.Toolkit.Controls.csproj", "{4508C4D1-85BB-4F3F-9E3B-CC93D231C65D}"
EndProject
Project("{FAE04EC0-301F-11D3-BF4B-00C04F79EFBC}") = "BubblesGame", "BubblesGame\BubblesGame.csproj", "{E61846BF-FE80-4B50-A7FF-CFCD9E4A4815}"
EndProject
Project("{FAE04EC0-301F-11D3-BF4B-00C04F79EFBC}") = "Microsoft.Samples.Kinect.WpfViewers", "KinectWpfViewers\Microsoft.Samples.Kinect.WpfViewers.csproj", "{4DE23893-27E7-423F-9BB6-BA21DAC2C45E}"
EndProject
Project("{6141683F-8A12-4E36-9623-2EB02B2C2303}") = "Setup", "Setup\Setup.isproj", "{FA832E5B-5E27-44AC-9AE2-65AC7A32E68B}"
	ProjectSection(ProjectDependencies) = postProject
		{AA1F470E-60F4-4DAF-89E9-DCB1794D26BC} = {AA1F470E-60F4-4DAF-89E9-DCB1794D26BC}
		{5587CB0F-49EA-40E9-A567-1C4738554519} = {5587CB0F-49EA-40E9-A567-1C4738554519}
		{C6F9C31B-6130-4443-A5CC-EF0664552ECD} = {C6F9C31B-6130-4443-A5CC-EF0664552ECD}
		{4DE23893-27E7-423F-9BB6-BA21DAC2C45E} = {4DE23893-27E7-423F-9BB6-BA21DAC2C45E}
		{E61846BF-FE80-4B50-A7FF-CFCD9E4A4815} = {E61846BF-FE80-4B50-A7FF-CFCD9E4A4815}
		{4508C4D1-85BB-4F3F-9E3B-CC93D231C65D} = {4508C4D1-85BB-4F3F-9E3B-CC93D231C65D}
	EndProjectSection
EndProject
Project("{FAE04EC0-301F-11D3-BF4B-00C04F79EFBC}") = "LettersGame", "LettersGame\LettersGame.csproj", "{F61D744C-02ED-4AAA-BDBC-6EDED406DEA0}"
EndProject
Project("{FAE04EC0-301F-11D3-BF4B-00C04F79EFBC}") = "DatabaseManagement", "DatabaseManagement\DatabaseManagement.csproj", "{32F1CD97-43E8-4C97-8248-B7612ED9CD4E}"
EndProject
Project("{FAE04EC0-301F-11D3-BF4B-00C04F79EFBC}") = "TrainOfWords", "TrainOfWords\TrainOfWords.csproj", "{4A5D0765-EFF4-4887-80C8-10E048F49D31}"
EndProject
Global
	GlobalSection(SolutionConfigurationPlatforms) = preSolution
		CD_ROM|Any CPU = CD_ROM|Any CPU
		CD_ROM|Mixed Platforms = CD_ROM|Mixed Platforms
		CD_ROM|x86 = CD_ROM|x86
		Debug|Any CPU = Debug|Any CPU
		Debug|Mixed Platforms = Debug|Mixed Platforms
		Debug|x86 = Debug|x86
		DVD-5|Any CPU = DVD-5|Any CPU
		DVD-5|Mixed Platforms = DVD-5|Mixed Platforms
		DVD-5|x86 = DVD-5|x86
		Release|Any CPU = Release|Any CPU
		Release|Mixed Platforms = Release|Mixed Platforms
		Release|x86 = Release|x86
		SingleImage|Any CPU = SingleImage|Any CPU
		SingleImage|Mixed Platforms = SingleImage|Mixed Platforms
		SingleImage|x86 = SingleImage|x86
	EndGlobalSection
	GlobalSection(ProjectConfigurationPlatforms) = postSolution
		{5587CB0F-49EA-40E9-A567-1C4738554519}.CD_ROM|Any CPU.ActiveCfg = Release|Any CPU
		{5587CB0F-49EA-40E9-A567-1C4738554519}.CD_ROM|Any CPU.Build.0 = Release|Any CPU
		{5587CB0F-49EA-40E9-A567-1C4738554519}.CD_ROM|Mixed Platforms.ActiveCfg = Release|Any CPU
		{5587CB0F-49EA-40E9-A567-1C4738554519}.CD_ROM|Mixed Platforms.Build.0 = Release|Any CPU
		{5587CB0F-49EA-40E9-A567-1C4738554519}.CD_ROM|x86.ActiveCfg = Release|Any CPU
		{5587CB0F-49EA-40E9-A567-1C4738554519}.Debug|Any CPU.ActiveCfg = Debug|Any CPU
		{5587CB0F-49EA-40E9-A567-1C4738554519}.Debug|Any CPU.Build.0 = Debug|Any CPU
		{5587CB0F-49EA-40E9-A567-1C4738554519}.Debug|Mixed Platforms.ActiveCfg = Debug|Any CPU
		{5587CB0F-49EA-40E9-A567-1C4738554519}.Debug|Mixed Platforms.Build.0 = Debug|Any CPU
		{5587CB0F-49EA-40E9-A567-1C4738554519}.Debug|x86.ActiveCfg = Debug|Any CPU
		{5587CB0F-49EA-40E9-A567-1C4738554519}.DVD-5|Any CPU.ActiveCfg = Debug|Any CPU
		{5587CB0F-49EA-40E9-A567-1C4738554519}.DVD-5|Any CPU.Build.0 = Debug|Any CPU
		{5587CB0F-49EA-40E9-A567-1C4738554519}.DVD-5|Mixed Platforms.ActiveCfg = Debug|Any CPU
		{5587CB0F-49EA-40E9-A567-1C4738554519}.DVD-5|Mixed Platforms.Build.0 = Debug|Any CPU
		{5587CB0F-49EA-40E9-A567-1C4738554519}.DVD-5|x86.ActiveCfg = Debug|Any CPU
		{5587CB0F-49EA-40E9-A567-1C4738554519}.Release|Any CPU.ActiveCfg = Release|Any CPU
		{5587CB0F-49EA-40E9-A567-1C4738554519}.Release|Any CPU.Build.0 = Release|Any CPU
		{5587CB0F-49EA-40E9-A567-1C4738554519}.Release|Mixed Platforms.ActiveCfg = Release|Any CPU
		{5587CB0F-49EA-40E9-A567-1C4738554519}.Release|Mixed Platforms.Build.0 = Release|Any CPU
		{5587CB0F-49EA-40E9-A567-1C4738554519}.Release|x86.ActiveCfg = Release|Any CPU
		{5587CB0F-49EA-40E9-A567-1C4738554519}.SingleImage|Any CPU.ActiveCfg = Release|Any CPU
		{5587CB0F-49EA-40E9-A567-1C4738554519}.SingleImage|Any CPU.Build.0 = Release|Any CPU
		{5587CB0F-49EA-40E9-A567-1C4738554519}.SingleImage|Mixed Platforms.ActiveCfg = Release|Any CPU
		{5587CB0F-49EA-40E9-A567-1C4738554519}.SingleImage|Mixed Platforms.Build.0 = Release|Any CPU
		{5587CB0F-49EA-40E9-A567-1C4738554519}.SingleImage|x86.ActiveCfg = Release|Any CPU
		{AA1F470E-60F4-4DAF-89E9-DCB1794D26BC}.CD_ROM|Any CPU.ActiveCfg = Release|Any CPU
		{AA1F470E-60F4-4DAF-89E9-DCB1794D26BC}.CD_ROM|Any CPU.Build.0 = Release|Any CPU
		{AA1F470E-60F4-4DAF-89E9-DCB1794D26BC}.CD_ROM|Mixed Platforms.ActiveCfg = Release|Any CPU
		{AA1F470E-60F4-4DAF-89E9-DCB1794D26BC}.CD_ROM|Mixed Platforms.Build.0 = Release|Any CPU
		{AA1F470E-60F4-4DAF-89E9-DCB1794D26BC}.CD_ROM|x86.ActiveCfg = Release|Any CPU
		{AA1F470E-60F4-4DAF-89E9-DCB1794D26BC}.Debug|Any CPU.ActiveCfg = Debug|Any CPU
		{AA1F470E-60F4-4DAF-89E9-DCB1794D26BC}.Debug|Any CPU.Build.0 = Debug|Any CPU
		{AA1F470E-60F4-4DAF-89E9-DCB1794D26BC}.Debug|Mixed Platforms.ActiveCfg = Debug|Any CPU
		{AA1F470E-60F4-4DAF-89E9-DCB1794D26BC}.Debug|Mixed Platforms.Build.0 = Debug|Any CPU
		{AA1F470E-60F4-4DAF-89E9-DCB1794D26BC}.Debug|x86.ActiveCfg = Debug|Any CPU
		{AA1F470E-60F4-4DAF-89E9-DCB1794D26BC}.DVD-5|Any CPU.ActiveCfg = Debug|Any CPU
		{AA1F470E-60F4-4DAF-89E9-DCB1794D26BC}.DVD-5|Any CPU.Build.0 = Debug|Any CPU
		{AA1F470E-60F4-4DAF-89E9-DCB1794D26BC}.DVD-5|Mixed Platforms.ActiveCfg = Debug|Any CPU
		{AA1F470E-60F4-4DAF-89E9-DCB1794D26BC}.DVD-5|Mixed Platforms.Build.0 = Debug|Any CPU
		{AA1F470E-60F4-4DAF-89E9-DCB1794D26BC}.DVD-5|x86.ActiveCfg = Debug|Any CPU
		{AA1F470E-60F4-4DAF-89E9-DCB1794D26BC}.Release|Any CPU.ActiveCfg = Release|Any CPU
		{AA1F470E-60F4-4DAF-89E9-DCB1794D26BC}.Release|Any CPU.Build.0 = Release|Any CPU
		{AA1F470E-60F4-4DAF-89E9-DCB1794D26BC}.Release|Mixed Platforms.ActiveCfg = Release|Any CPU
		{AA1F470E-60F4-4DAF-89E9-DCB1794D26BC}.Release|Mixed Platforms.Build.0 = Release|Any CPU
		{AA1F470E-60F4-4DAF-89E9-DCB1794D26BC}.Release|x86.ActiveCfg = Release|Any CPU
		{AA1F470E-60F4-4DAF-89E9-DCB1794D26BC}.SingleImage|Any CPU.ActiveCfg = Release|Any CPU
		{AA1F470E-60F4-4DAF-89E9-DCB1794D26BC}.SingleImage|Any CPU.Build.0 = Release|Any CPU
		{AA1F470E-60F4-4DAF-89E9-DCB1794D26BC}.SingleImage|Mixed Platforms.ActiveCfg = Release|Any CPU
		{AA1F470E-60F4-4DAF-89E9-DCB1794D26BC}.SingleImage|Mixed Platforms.Build.0 = Release|Any CPU
		{AA1F470E-60F4-4DAF-89E9-DCB1794D26BC}.SingleImage|x86.ActiveCfg = Release|Any CPU
		{C6F9C31B-6130-4443-A5CC-EF0664552ECD}.CD_ROM|Any CPU.ActiveCfg = Release|Any CPU
		{C6F9C31B-6130-4443-A5CC-EF0664552ECD}.CD_ROM|Any CPU.Build.0 = Release|Any CPU
		{C6F9C31B-6130-4443-A5CC-EF0664552ECD}.CD_ROM|Mixed Platforms.ActiveCfg = Release|Any CPU
		{C6F9C31B-6130-4443-A5CC-EF0664552ECD}.CD_ROM|Mixed Platforms.Build.0 = Release|Any CPU
		{C6F9C31B-6130-4443-A5CC-EF0664552ECD}.CD_ROM|x86.ActiveCfg = Release|Any CPU
		{C6F9C31B-6130-4443-A5CC-EF0664552ECD}.Debug|Any CPU.ActiveCfg = Debug|Any CPU
		{C6F9C31B-6130-4443-A5CC-EF0664552ECD}.Debug|Any CPU.Build.0 = Debug|Any CPU
		{C6F9C31B-6130-4443-A5CC-EF0664552ECD}.Debug|Mixed Platforms.ActiveCfg = Debug|Any CPU
		{C6F9C31B-6130-4443-A5CC-EF0664552ECD}.Debug|Mixed Platforms.Build.0 = Debug|Any CPU
		{C6F9C31B-6130-4443-A5CC-EF0664552ECD}.Debug|x86.ActiveCfg = Debug|Any CPU
		{C6F9C31B-6130-4443-A5CC-EF0664552ECD}.DVD-5|Any CPU.ActiveCfg = Debug|Any CPU
		{C6F9C31B-6130-4443-A5CC-EF0664552ECD}.DVD-5|Any CPU.Build.0 = Debug|Any CPU
		{C6F9C31B-6130-4443-A5CC-EF0664552ECD}.DVD-5|Mixed Platforms.ActiveCfg = Debug|Any CPU
		{C6F9C31B-6130-4443-A5CC-EF0664552ECD}.DVD-5|Mixed Platforms.Build.0 = Debug|Any CPU
		{C6F9C31B-6130-4443-A5CC-EF0664552ECD}.DVD-5|x86.ActiveCfg = Debug|Any CPU
		{C6F9C31B-6130-4443-A5CC-EF0664552ECD}.Release|Any CPU.ActiveCfg = Release|Any CPU
		{C6F9C31B-6130-4443-A5CC-EF0664552ECD}.Release|Any CPU.Build.0 = Release|Any CPU
		{C6F9C31B-6130-4443-A5CC-EF0664552ECD}.Release|Mixed Platforms.ActiveCfg = Release|Any CPU
		{C6F9C31B-6130-4443-A5CC-EF0664552ECD}.Release|Mixed Platforms.Build.0 = Release|Any CPU
		{C6F9C31B-6130-4443-A5CC-EF0664552ECD}.Release|x86.ActiveCfg = Release|Any CPU
		{C6F9C31B-6130-4443-A5CC-EF0664552ECD}.SingleImage|Any CPU.ActiveCfg = Release|Any CPU
		{C6F9C31B-6130-4443-A5CC-EF0664552ECD}.SingleImage|Any CPU.Build.0 = Release|Any CPU
		{C6F9C31B-6130-4443-A5CC-EF0664552ECD}.SingleImage|Mixed Platforms.ActiveCfg = Release|Any CPU
		{C6F9C31B-6130-4443-A5CC-EF0664552ECD}.SingleImage|Mixed Platforms.Build.0 = Release|Any CPU
		{C6F9C31B-6130-4443-A5CC-EF0664552ECD}.SingleImage|x86.ActiveCfg = Release|Any CPU
		{4508C4D1-85BB-4F3F-9E3B-CC93D231C65D}.CD_ROM|Any CPU.ActiveCfg = Release|Any CPU
		{4508C4D1-85BB-4F3F-9E3B-CC93D231C65D}.CD_ROM|Any CPU.Build.0 = Release|Any CPU
		{4508C4D1-85BB-4F3F-9E3B-CC93D231C65D}.CD_ROM|Mixed Platforms.ActiveCfg = Release|Any CPU
		{4508C4D1-85BB-4F3F-9E3B-CC93D231C65D}.CD_ROM|Mixed Platforms.Build.0 = Release|Any CPU
		{4508C4D1-85BB-4F3F-9E3B-CC93D231C65D}.CD_ROM|x86.ActiveCfg = Release|Any CPU
		{4508C4D1-85BB-4F3F-9E3B-CC93D231C65D}.Debug|Any CPU.ActiveCfg = Debug|Any CPU
		{4508C4D1-85BB-4F3F-9E3B-CC93D231C65D}.Debug|Any CPU.Build.0 = Debug|Any CPU
		{4508C4D1-85BB-4F3F-9E3B-CC93D231C65D}.Debug|Mixed Platforms.ActiveCfg = Debug|Any CPU
		{4508C4D1-85BB-4F3F-9E3B-CC93D231C65D}.Debug|Mixed Platforms.Build.0 = Debug|Any CPU
		{4508C4D1-85BB-4F3F-9E3B-CC93D231C65D}.Debug|x86.ActiveCfg = Debug|Any CPU
		{4508C4D1-85BB-4F3F-9E3B-CC93D231C65D}.DVD-5|Any CPU.ActiveCfg = Debug|Any CPU
		{4508C4D1-85BB-4F3F-9E3B-CC93D231C65D}.DVD-5|Any CPU.Build.0 = Debug|Any CPU
		{4508C4D1-85BB-4F3F-9E3B-CC93D231C65D}.DVD-5|Mixed Platforms.ActiveCfg = Debug|Any CPU
		{4508C4D1-85BB-4F3F-9E3B-CC93D231C65D}.DVD-5|Mixed Platforms.Build.0 = Debug|Any CPU
		{4508C4D1-85BB-4F3F-9E3B-CC93D231C65D}.DVD-5|x86.ActiveCfg = Debug|Any CPU
		{4508C4D1-85BB-4F3F-9E3B-CC93D231C65D}.Release|Any CPU.ActiveCfg = Release|Any CPU
		{4508C4D1-85BB-4F3F-9E3B-CC93D231C65D}.Release|Any CPU.Build.0 = Release|Any CPU
		{4508C4D1-85BB-4F3F-9E3B-CC93D231C65D}.Release|Mixed Platforms.ActiveCfg = Release|Any CPU
		{4508C4D1-85BB-4F3F-9E3B-CC93D231C65D}.Release|Mixed Platforms.Build.0 = Release|Any CPU
		{4508C4D1-85BB-4F3F-9E3B-CC93D231C65D}.Release|x86.ActiveCfg = Release|Any CPU
		{4508C4D1-85BB-4F3F-9E3B-CC93D231C65D}.SingleImage|Any CPU.ActiveCfg = Release|Any CPU
		{4508C4D1-85BB-4F3F-9E3B-CC93D231C65D}.SingleImage|Any CPU.Build.0 = Release|Any CPU
		{4508C4D1-85BB-4F3F-9E3B-CC93D231C65D}.SingleImage|Mixed Platforms.ActiveCfg = Release|Any CPU
		{4508C4D1-85BB-4F3F-9E3B-CC93D231C65D}.SingleImage|Mixed Platforms.Build.0 = Release|Any CPU
		{4508C4D1-85BB-4F3F-9E3B-CC93D231C65D}.SingleImage|x86.ActiveCfg = Release|Any CPU
		{E61846BF-FE80-4B50-A7FF-CFCD9E4A4815}.CD_ROM|Any CPU.ActiveCfg = Release|Any CPU
		{E61846BF-FE80-4B50-A7FF-CFCD9E4A4815}.CD_ROM|Any CPU.Build.0 = Release|Any CPU
		{E61846BF-FE80-4B50-A7FF-CFCD9E4A4815}.CD_ROM|Mixed Platforms.ActiveCfg = Release|Any CPU
		{E61846BF-FE80-4B50-A7FF-CFCD9E4A4815}.CD_ROM|Mixed Platforms.Build.0 = Release|Any CPU
		{E61846BF-FE80-4B50-A7FF-CFCD9E4A4815}.CD_ROM|x86.ActiveCfg = Release|Any CPU
		{E61846BF-FE80-4B50-A7FF-CFCD9E4A4815}.Debug|Any CPU.ActiveCfg = Debug|Any CPU
		{E61846BF-FE80-4B50-A7FF-CFCD9E4A4815}.Debug|Any CPU.Build.0 = Debug|Any CPU
		{E61846BF-FE80-4B50-A7FF-CFCD9E4A4815}.Debug|Mixed Platforms.ActiveCfg = Debug|Any CPU
		{E61846BF-FE80-4B50-A7FF-CFCD9E4A4815}.Debug|Mixed Platforms.Build.0 = Debug|Any CPU
		{E61846BF-FE80-4B50-A7FF-CFCD9E4A4815}.Debug|x86.ActiveCfg = Debug|Any CPU
		{E61846BF-FE80-4B50-A7FF-CFCD9E4A4815}.DVD-5|Any CPU.ActiveCfg = Debug|Any CPU
		{E61846BF-FE80-4B50-A7FF-CFCD9E4A4815}.DVD-5|Any CPU.Build.0 = Debug|Any CPU
		{E61846BF-FE80-4B50-A7FF-CFCD9E4A4815}.DVD-5|Mixed Platforms.ActiveCfg = Debug|Any CPU
		{E61846BF-FE80-4B50-A7FF-CFCD9E4A4815}.DVD-5|Mixed Platforms.Build.0 = Debug|Any CPU
		{E61846BF-FE80-4B50-A7FF-CFCD9E4A4815}.DVD-5|x86.ActiveCfg = Debug|Any CPU
		{E61846BF-FE80-4B50-A7FF-CFCD9E4A4815}.Release|Any CPU.ActiveCfg = Release|Any CPU
		{E61846BF-FE80-4B50-A7FF-CFCD9E4A4815}.Release|Any CPU.Build.0 = Release|Any CPU
		{E61846BF-FE80-4B50-A7FF-CFCD9E4A4815}.Release|Mixed Platforms.ActiveCfg = Release|Any CPU
		{E61846BF-FE80-4B50-A7FF-CFCD9E4A4815}.Release|Mixed Platforms.Build.0 = Release|Any CPU
		{E61846BF-FE80-4B50-A7FF-CFCD9E4A4815}.Release|x86.ActiveCfg = Release|Any CPU
		{E61846BF-FE80-4B50-A7FF-CFCD9E4A4815}.SingleImage|Any CPU.ActiveCfg = Release|Any CPU
		{E61846BF-FE80-4B50-A7FF-CFCD9E4A4815}.SingleImage|Any CPU.Build.0 = Release|Any CPU
		{E61846BF-FE80-4B50-A7FF-CFCD9E4A4815}.SingleImage|Mixed Platforms.ActiveCfg = Release|Any CPU
		{E61846BF-FE80-4B50-A7FF-CFCD9E4A4815}.SingleImage|Mixed Platforms.Build.0 = Release|Any CPU
		{E61846BF-FE80-4B50-A7FF-CFCD9E4A4815}.SingleImage|x86.ActiveCfg = Release|Any CPU
		{4DE23893-27E7-423F-9BB6-BA21DAC2C45E}.CD_ROM|Any CPU.ActiveCfg = Release|Any CPU
		{4DE23893-27E7-423F-9BB6-BA21DAC2C45E}.CD_ROM|Any CPU.Build.0 = Release|Any CPU
		{4DE23893-27E7-423F-9BB6-BA21DAC2C45E}.CD_ROM|Mixed Platforms.ActiveCfg = Release|Any CPU
		{4DE23893-27E7-423F-9BB6-BA21DAC2C45E}.CD_ROM|Mixed Platforms.Build.0 = Release|Any CPU
		{4DE23893-27E7-423F-9BB6-BA21DAC2C45E}.CD_ROM|x86.ActiveCfg = Release|Any CPU
		{4DE23893-27E7-423F-9BB6-BA21DAC2C45E}.Debug|Any CPU.ActiveCfg = Debug|Any CPU
		{4DE23893-27E7-423F-9BB6-BA21DAC2C45E}.Debug|Any CPU.Build.0 = Debug|Any CPU
		{4DE23893-27E7-423F-9BB6-BA21DAC2C45E}.Debug|Mixed Platforms.ActiveCfg = Debug|Any CPU
		{4DE23893-27E7-423F-9BB6-BA21DAC2C45E}.Debug|Mixed Platforms.Build.0 = Debug|Any CPU
		{4DE23893-27E7-423F-9BB6-BA21DAC2C45E}.Debug|x86.ActiveCfg = Debug|Any CPU
		{4DE23893-27E7-423F-9BB6-BA21DAC2C45E}.DVD-5|Any CPU.ActiveCfg = Debug|Any CPU
		{4DE23893-27E7-423F-9BB6-BA21DAC2C45E}.DVD-5|Any CPU.Build.0 = Debug|Any CPU
		{4DE23893-27E7-423F-9BB6-BA21DAC2C45E}.DVD-5|Mixed Platforms.ActiveCfg = Debug|Any CPU
		{4DE23893-27E7-423F-9BB6-BA21DAC2C45E}.DVD-5|Mixed Platforms.Build.0 = Debug|Any CPU
		{4DE23893-27E7-423F-9BB6-BA21DAC2C45E}.DVD-5|x86.ActiveCfg = Debug|Any CPU
		{4DE23893-27E7-423F-9BB6-BA21DAC2C45E}.Release|Any CPU.ActiveCfg = Release|Any CPU
		{4DE23893-27E7-423F-9BB6-BA21DAC2C45E}.Release|Any CPU.Build.0 = Release|Any CPU
		{4DE23893-27E7-423F-9BB6-BA21DAC2C45E}.Release|Mixed Platforms.ActiveCfg = Release|Any CPU
		{4DE23893-27E7-423F-9BB6-BA21DAC2C45E}.Release|Mixed Platforms.Build.0 = Release|Any CPU
		{4DE23893-27E7-423F-9BB6-BA21DAC2C45E}.Release|x86.ActiveCfg = Release|Any CPU
		{4DE23893-27E7-423F-9BB6-BA21DAC2C45E}.SingleImage|Any CPU.ActiveCfg = Release|Any CPU
		{4DE23893-27E7-423F-9BB6-BA21DAC2C45E}.SingleImage|Any CPU.Build.0 = Release|Any CPU
		{4DE23893-27E7-423F-9BB6-BA21DAC2C45E}.SingleImage|Mixed Platforms.ActiveCfg = Release|Any CPU
		{4DE23893-27E7-423F-9BB6-BA21DAC2C45E}.SingleImage|Mixed Platforms.Build.0 = Release|Any CPU
		{4DE23893-27E7-423F-9BB6-BA21DAC2C45E}.SingleImage|x86.ActiveCfg = Release|Any CPU
		{FA832E5B-5E27-44AC-9AE2-65AC7A32E68B}.CD_ROM|Any CPU.ActiveCfg = CD_ROM
		{FA832E5B-5E27-44AC-9AE2-65AC7A32E68B}.CD_ROM|Any CPU.Build.0 = CD_ROM
		{FA832E5B-5E27-44AC-9AE2-65AC7A32E68B}.CD_ROM|Mixed Platforms.ActiveCfg = CD_ROM
		{FA832E5B-5E27-44AC-9AE2-65AC7A32E68B}.CD_ROM|Mixed Platforms.Build.0 = CD_ROM
		{FA832E5B-5E27-44AC-9AE2-65AC7A32E68B}.CD_ROM|x86.ActiveCfg = CD_ROM
		{FA832E5B-5E27-44AC-9AE2-65AC7A32E68B}.CD_ROM|x86.Build.0 = CD_ROM
		{FA832E5B-5E27-44AC-9AE2-65AC7A32E68B}.Debug|Any CPU.ActiveCfg = DVD-5
		{FA832E5B-5E27-44AC-9AE2-65AC7A32E68B}.Debug|Any CPU.Build.0 = DVD-5
		{FA832E5B-5E27-44AC-9AE2-65AC7A32E68B}.Debug|Mixed Platforms.ActiveCfg = SingleImage
		{FA832E5B-5E27-44AC-9AE2-65AC7A32E68B}.Debug|Mixed Platforms.Deploy.0 = SingleImage
		{FA832E5B-5E27-44AC-9AE2-65AC7A32E68B}.Debug|x86.ActiveCfg = DVD-5
		{FA832E5B-5E27-44AC-9AE2-65AC7A32E68B}.Debug|x86.Build.0 = DVD-5
		{FA832E5B-5E27-44AC-9AE2-65AC7A32E68B}.DVD-5|Any CPU.ActiveCfg = DVD-5
		{FA832E5B-5E27-44AC-9AE2-65AC7A32E68B}.DVD-5|Any CPU.Build.0 = DVD-5
		{FA832E5B-5E27-44AC-9AE2-65AC7A32E68B}.DVD-5|Mixed Platforms.ActiveCfg = DVD-5
		{FA832E5B-5E27-44AC-9AE2-65AC7A32E68B}.DVD-5|Mixed Platforms.Build.0 = DVD-5
		{FA832E5B-5E27-44AC-9AE2-65AC7A32E68B}.DVD-5|x86.ActiveCfg = DVD-5
		{FA832E5B-5E27-44AC-9AE2-65AC7A32E68B}.DVD-5|x86.Build.0 = DVD-5
		{FA832E5B-5E27-44AC-9AE2-65AC7A32E68B}.Release|Any CPU.ActiveCfg = SingleImage
		{FA832E5B-5E27-44AC-9AE2-65AC7A32E68B}.Release|Any CPU.Build.0 = SingleImage
		{FA832E5B-5E27-44AC-9AE2-65AC7A32E68B}.Release|Mixed Platforms.ActiveCfg = SingleImage
		{FA832E5B-5E27-44AC-9AE2-65AC7A32E68B}.Release|Mixed Platforms.Build.0 = SingleImage
		{FA832E5B-5E27-44AC-9AE2-65AC7A32E68B}.Release|x86.ActiveCfg = SingleImage
		{FA832E5B-5E27-44AC-9AE2-65AC7A32E68B}.Release|x86.Build.0 = SingleImage
		{FA832E5B-5E27-44AC-9AE2-65AC7A32E68B}.SingleImage|Any CPU.ActiveCfg = SingleImage
		{FA832E5B-5E27-44AC-9AE2-65AC7A32E68B}.SingleImage|Any CPU.Build.0 = SingleImage
		{FA832E5B-5E27-44AC-9AE2-65AC7A32E68B}.SingleImage|Mixed Platforms.ActiveCfg = SingleImage
		{FA832E5B-5E27-44AC-9AE2-65AC7A32E68B}.SingleImage|Mixed Platforms.Build.0 = SingleImage
		{FA832E5B-5E27-44AC-9AE2-65AC7A32E68B}.SingleImage|x86.ActiveCfg = SingleImage
		{FA832E5B-5E27-44AC-9AE2-65AC7A32E68B}.SingleImage|x86.Build.0 = SingleImage
		{F61D744C-02ED-4AAA-BDBC-6EDED406DEA0}.CD_ROM|Any CPU.ActiveCfg = Release|Any CPU
		{F61D744C-02ED-4AAA-BDBC-6EDED406DEA0}.CD_ROM|Any CPU.Build.0 = Release|Any CPU
		{F61D744C-02ED-4AAA-BDBC-6EDED406DEA0}.CD_ROM|Mixed Platforms.ActiveCfg = Release|Any CPU
		{F61D744C-02ED-4AAA-BDBC-6EDED406DEA0}.CD_ROM|Mixed Platforms.Build.0 = Release|Any CPU
		{F61D744C-02ED-4AAA-BDBC-6EDED406DEA0}.CD_ROM|x86.ActiveCfg = Release|Any CPU
		{F61D744C-02ED-4AAA-BDBC-6EDED406DEA0}.Debug|Any CPU.ActiveCfg = Debug|Any CPU
		{F61D744C-02ED-4AAA-BDBC-6EDED406DEA0}.Debug|Any CPU.Build.0 = Debug|Any CPU
		{F61D744C-02ED-4AAA-BDBC-6EDED406DEA0}.Debug|Mixed Platforms.ActiveCfg = Debug|Any CPU
		{F61D744C-02ED-4AAA-BDBC-6EDED406DEA0}.Debug|Mixed Platforms.Build.0 = Debug|Any CPU
		{F61D744C-02ED-4AAA-BDBC-6EDED406DEA0}.Debug|x86.ActiveCfg = Debug|Any CPU
		{F61D744C-02ED-4AAA-BDBC-6EDED406DEA0}.DVD-5|Any CPU.ActiveCfg = Debug|Any CPU
		{F61D744C-02ED-4AAA-BDBC-6EDED406DEA0}.DVD-5|Any CPU.Build.0 = Debug|Any CPU
		{F61D744C-02ED-4AAA-BDBC-6EDED406DEA0}.DVD-5|Mixed Platforms.ActiveCfg = Debug|Any CPU
		{F61D744C-02ED-4AAA-BDBC-6EDED406DEA0}.DVD-5|Mixed Platforms.Build.0 = Debug|Any CPU
		{F61D744C-02ED-4AAA-BDBC-6EDED406DEA0}.DVD-5|x86.ActiveCfg = Debug|Any CPU
		{F61D744C-02ED-4AAA-BDBC-6EDED406DEA0}.Release|Any CPU.ActiveCfg = Release|Any CPU
		{F61D744C-02ED-4AAA-BDBC-6EDED406DEA0}.Release|Any CPU.Build.0 = Release|Any CPU
		{F61D744C-02ED-4AAA-BDBC-6EDED406DEA0}.Release|Mixed Platforms.ActiveCfg = Release|Any CPU
		{F61D744C-02ED-4AAA-BDBC-6EDED406DEA0}.Release|Mixed Platforms.Build.0 = Release|Any CPU
		{F61D744C-02ED-4AAA-BDBC-6EDED406DEA0}.Release|x86.ActiveCfg = Release|Any CPU
		{F61D744C-02ED-4AAA-BDBC-6EDED406DEA0}.SingleImage|Any CPU.ActiveCfg = Release|Any CPU
		{F61D744C-02ED-4AAA-BDBC-6EDED406DEA0}.SingleImage|Any CPU.Build.0 = Release|Any CPU
		{F61D744C-02ED-4AAA-BDBC-6EDED406DEA0}.SingleImage|Mixed Platforms.ActiveCfg = Release|Any CPU
		{F61D744C-02ED-4AAA-BDBC-6EDED406DEA0}.SingleImage|Mixed Platforms.Build.0 = Release|Any CPU
		{F61D744C-02ED-4AAA-BDBC-6EDED406DEA0}.SingleImage|x86.ActiveCfg = Release|Any CPU
		{32F1CD97-43E8-4C97-8248-B7612ED9CD4E}.CD_ROM|Any CPU.ActiveCfg = Release|Any CPU
		{32F1CD97-43E8-4C97-8248-B7612ED9CD4E}.CD_ROM|Any CPU.Build.0 = Release|Any CPU
		{32F1CD97-43E8-4C97-8248-B7612ED9CD4E}.CD_ROM|Mixed Platforms.ActiveCfg = Release|Any CPU
		{32F1CD97-43E8-4C97-8248-B7612ED9CD4E}.CD_ROM|Mixed Platforms.Build.0 = Release|Any CPU
		{32F1CD97-43E8-4C97-8248-B7612ED9CD4E}.CD_ROM|x86.ActiveCfg = Release|Any CPU
		{32F1CD97-43E8-4C97-8248-B7612ED9CD4E}.Debug|Any CPU.ActiveCfg = Debug|Any CPU
		{32F1CD97-43E8-4C97-8248-B7612ED9CD4E}.Debug|Any CPU.Build.0 = Debug|Any CPU
		{32F1CD97-43E8-4C97-8248-B7612ED9CD4E}.Debug|Mixed Platforms.ActiveCfg = Debug|Any CPU
		{32F1CD97-43E8-4C97-8248-B7612ED9CD4E}.Debug|Mixed Platforms.Build.0 = Debug|Any CPU
		{32F1CD97-43E8-4C97-8248-B7612ED9CD4E}.Debug|x86.ActiveCfg = Debug|Any CPU
		{32F1CD97-43E8-4C97-8248-B7612ED9CD4E}.DVD-5|Any CPU.ActiveCfg = Debug|Any CPU
		{32F1CD97-43E8-4C97-8248-B7612ED9CD4E}.DVD-5|Any CPU.Build.0 = Debug|Any CPU
		{32F1CD97-43E8-4C97-8248-B7612ED9CD4E}.DVD-5|Mixed Platforms.ActiveCfg = Debug|Any CPU
		{32F1CD97-43E8-4C97-8248-B7612ED9CD4E}.DVD-5|Mixed Platforms.Build.0 = Debug|Any CPU
		{32F1CD97-43E8-4C97-8248-B7612ED9CD4E}.DVD-5|x86.ActiveCfg = Debug|Any CPU
		{32F1CD97-43E8-4C97-8248-B7612ED9CD4E}.Release|Any CPU.ActiveCfg = Release|Any CPU
		{32F1CD97-43E8-4C97-8248-B7612ED9CD4E}.Release|Any CPU.Build.0 = Release|Any CPU
		{32F1CD97-43E8-4C97-8248-B7612ED9CD4E}.Release|Mixed Platforms.ActiveCfg = Release|Any CPU
		{32F1CD97-43E8-4C97-8248-B7612ED9CD4E}.Release|Mixed Platforms.Build.0 = Release|Any CPU
		{32F1CD97-43E8-4C97-8248-B7612ED9CD4E}.Release|x86.ActiveCfg = Release|Any CPU
		{32F1CD97-43E8-4C97-8248-B7612ED9CD4E}.SingleImage|Any CPU.ActiveCfg = Release|Any CPU
		{32F1CD97-43E8-4C97-8248-B7612ED9CD4E}.SingleImage|Any CPU.Build.0 = Release|Any CPU
		{32F1CD97-43E8-4C97-8248-B7612ED9CD4E}.SingleImage|Mixed Platforms.ActiveCfg = Release|Any CPU
		{32F1CD97-43E8-4C97-8248-B7612ED9CD4E}.SingleImage|Mixed Platforms.Build.0 = Release|Any CPU
		{32F1CD97-43E8-4C97-8248-B7612ED9CD4E}.SingleImage|x86.ActiveCfg = Release|Any CPU
		{4A5D0765-EFF4-4887-80C8-10E048F49D31}.CD_ROM|Any CPU.ActiveCfg = Release|Any CPU
		{4A5D0765-EFF4-4887-80C8-10E048F49D31}.CD_ROM|Any CPU.Build.0 = Release|Any CPU
		{4A5D0765-EFF4-4887-80C8-10E048F49D31}.CD_ROM|Mixed Platforms.ActiveCfg = Release|Any CPU
		{4A5D0765-EFF4-4887-80C8-10E048F49D31}.CD_ROM|Mixed Platforms.Build.0 = Release|Any CPU
		{4A5D0765-EFF4-4887-80C8-10E048F49D31}.CD_ROM|x86.ActiveCfg = Release|Any CPU
		{4A5D0765-EFF4-4887-80C8-10E048F49D31}.Debug|Any CPU.ActiveCfg = Debug|Any CPU
		{4A5D0765-EFF4-4887-80C8-10E048F49D31}.Debug|Any CPU.Build.0 = Debug|Any CPU
		{4A5D0765-EFF4-4887-80C8-10E048F49D31}.Debug|Mixed Platforms.ActiveCfg = Debug|Any CPU
		{4A5D0765-EFF4-4887-80C8-10E048F49D31}.Debug|Mixed Platforms.Build.0 = Debug|Any CPU
		{4A5D0765-EFF4-4887-80C8-10E048F49D31}.Debug|x86.ActiveCfg = Debug|Any CPU
		{4A5D0765-EFF4-4887-80C8-10E048F49D31}.DVD-5|Any CPU.ActiveCfg = Debug|Any CPU
		{4A5D0765-EFF4-4887-80C8-10E048F49D31}.DVD-5|Any CPU.Build.0 = Debug|Any CPU
		{4A5D0765-EFF4-4887-80C8-10E048F49D31}.DVD-5|Mixed Platforms.ActiveCfg = Debug|Any CPU
		{4A5D0765-EFF4-4887-80C8-10E048F49D31}.DVD-5|Mixed Platforms.Build.0 = Debug|Any CPU
		{4A5D0765-EFF4-4887-80C8-10E048F49D31}.DVD-5|x86.ActiveCfg = Debug|Any CPU
		{4A5D0765-EFF4-4887-80C8-10E048F49D31}.Release|Any CPU.ActiveCfg = Release|Any CPU
		{4A5D0765-EFF4-4887-80C8-10E048F49D31}.Release|Any CPU.Build.0 = Release|Any CPU
		{4A5D0765-EFF4-4887-80C8-10E048F49D31}.Release|Mixed Platforms.ActiveCfg = Release|Any CPU
		{4A5D0765-EFF4-4887-80C8-10E048F49D31}.Release|Mixed Platforms.Build.0 = Release|Any CPU
		{4A5D0765-EFF4-4887-80C8-10E048F49D31}.Release|x86.ActiveCfg = Release|Any CPU
		{4A5D0765-EFF4-4887-80C8-10E048F49D31}.SingleImage|Any CPU.ActiveCfg = Release|Any CPU
		{4A5D0765-EFF4-4887-80C8-10E048F49D31}.SingleImage|Any CPU.Build.0 = Release|Any CPU
		{4A5D0765-EFF4-4887-80C8-10E048F49D31}.SingleImage|Mixed Platforms.ActiveCfg = Release|Any CPU
		{4A5D0765-EFF4-4887-80C8-10E048F49D31}.SingleImage|Mixed Platforms.Build.0 = Release|Any CPU
		{4A5D0765-EFF4-4887-80C8-10E048F49D31}.SingleImage|x86.ActiveCfg = Release|Any CPU
	EndGlobalSection
	GlobalSection(SolutionProperties) = preSolution
		HideSolutionNode = FALSE
	EndGlobalSection
EndGlobal
