
Microsoft Visual Studio Solution File, Format Version 11.00
# Visual Studio 2010
Project("{FAE04EC0-301F-11D3-BF4B-00C04F79EFBC}") = "ShapeGame", "ShapeGame.csproj", "{E61846BF-FE80-4B50-A7FF-CFCD9E4A4815}"
EndProject
Project("{FAE04EC0-301F-11D3-BF4B-00C04F79EFBC}") = "Microsoft.Samples.Kinect.WpfViewers", "..\KinectWpfViewers\Microsoft.Samples.Kinect.WpfViewers.csproj", "{4DE23893-27E7-423F-9BB6-BA21DAC2C45E}"
EndProject
Project("{FAE04EC0-301F-11D3-BF4B-00C04F79EFBC}") = "Microsoft.Kinect.Toolkit", "..\Microsoft.Kinect.Toolkit\Microsoft.Kinect.Toolkit.csproj", "{C6F9C31B-6130-4443-A5CC-EF0664552ECD}"
EndProject
Global
	GlobalSection(SolutionConfigurationPlatforms) = preSolution
		Debug|Any CPU = Debug|Any CPU
		Release|Any CPU = Release|Any CPU
	EndGlobalSection
	GlobalSection(ProjectConfigurationPlatforms) = postSolution
		{E61846BF-FE80-4B50-A7FF-CFCD9E4A4815}.Debug|Any CPU.ActiveCfg = Debug|Any CPU
		{E61846BF-FE80-4B50-A7FF-CFCD9E4A4815}.Debug|Any CPU.Build.0 = Debug|Any CPU
		{E61846BF-FE80-4B50-A7FF-CFCD9E4A4815}.Release|Any CPU.ActiveCfg = Release|Any CPU
		{E61846BF-FE80-4B50-A7FF-CFCD9E4A4815}.Release|Any CPU.Build.0 = Release|Any CPU
		{4DE23893-27E7-423F-9BB6-BA21DAC2C45E}.Debug|Any CPU.ActiveCfg = Debug|Any CPU
		{4DE23893-27E7-423F-9BB6-BA21DAC2C45E}.Debug|Any CPU.Build.0 = Debug|Any CPU
		{4DE23893-27E7-423F-9BB6-BA21DAC2C45E}.Release|Any CPU.ActiveCfg = Release|Any CPU
		{4DE23893-27E7-423F-9BB6-BA21DAC2C45E}.Release|Any CPU.Build.0 = Release|Any CPU
		{C6F9C31B-6130-4443-A5CC-EF0664552ECD}.Debug|Any CPU.ActiveCfg = Debug|Any CPU
		{C6F9C31B-6130-4443-A5CC-EF0664552ECD}.Debug|Any CPU.Build.0 = Debug|Any CPU
		{C6F9C31B-6130-4443-A5CC-EF0664552ECD}.Release|Any CPU.ActiveCfg = Release|Any CPU
		{C6F9C31B-6130-4443-A5CC-EF0664552ECD}.Release|Any CPU.Build.0 = Release|Any CPU
	EndGlobalSection
	GlobalSection(SolutionProperties) = preSolution
		HideSolutionNode = FALSE
	EndGlobalSection
EndGlobal
